Microsoft Visual Studio Solution File, Format Version 13.00
# Visual Studio 2013
Project("{8BC9CEB8-8B4A-11D0-8D11-00A0C91BC942}") = "gmock", "gmock.vcxproj", "{E4DD85D2-31BE-311B-E734-26667A850EBF}"
EndProject
Project("{8BC9CEB8-8B4A-11D0-8D11-00A0C91BC942}") = "gmock_main", "gmock_main.vcxproj", "{F426E3D7-12AE-1447-96A5-843D9A71EBE8}"
EndProject
Project("{8BC9CEB8-8B4A-11D0-8D11-00A0C91BC942}") = "gtest", "gtest.vcxproj", "{4DFBFF64-99E3-A571-0E1B-940029FD402D}"
	ProjectSection(ProjectDependencies) = postProject
		{BDACF58F-DBEF-BEA4-D1E5-45CE460774EA} = {BDACF58F-DBEF-BEA4-D1E5-45CE460774EA}
	EndProjectSection
EndProject
Project("{8BC9CEB8-8B4A-11D0-8D11-00A0C91BC942}") = "gtest_prod", "gtest_prod.vcxproj", "{BDACF58F-DBEF-BEA4-D1E5-45CE460774EA}"
EndProject
Global
	GlobalSection(SolutionConfigurationPlatforms) = preSolution
		Debug|Win32 = Debug|Win32
		Optdebug|Win32 = Optdebug|Win32
		Release|Win32 = Release|Win32
	EndGlobalSection
	GlobalSection(ProjectConfigurationPlatforms) = postSolution
		{4DFBFF64-99E3-A571-0E1B-940029FD402D}.Debug|Win32.ActiveCfg = Debug|Win32
		{4DFBFF64-99E3-A571-0E1B-940029FD402D}.Debug|Win32.Build.0 = Debug|Win32
		{4DFBFF64-99E3-A571-0E1B-940029FD402D}.Optdebug|Win32.ActiveCfg = Optdebug|Win32
		{4DFBFF64-99E3-A571-0E1B-940029FD402D}.Optdebug|Win32.Build.0 = Optdebug|Win32
		{4DFBFF64-99E3-A571-0E1B-940029FD402D}.Release|Win32.ActiveCfg = Release|Win32
		{4DFBFF64-99E3-A571-0E1B-940029FD402D}.Release|Win32.Build.0 = Release|Win32
		{BDACF58F-DBEF-BEA4-D1E5-45CE460774EA}.Debug|Win32.ActiveCfg = Debug|Win32
		{BDACF58F-DBEF-BEA4-D1E5-45CE460774EA}.Debug|Win32.Build.0 = Debug|Win32
		{BDACF58F-DBEF-BEA4-D1E5-45CE460774EA}.Optdebug|Win32.ActiveCfg = Optdebug|Win32
		{BDACF58F-DBEF-BEA4-D1E5-45CE460774EA}.Optdebug|Win32.Build.0 = Optdebug|Win32
		{BDACF58F-DBEF-BEA4-D1E5-45CE460774EA}.Release|Win32.ActiveCfg = Release|Win32
		{BDACF58F-DBEF-BEA4-D1E5-45CE460774EA}.Release|Win32.Build.0 = Release|Win32
		{E4DD85D2-31BE-311B-E734-26667A850EBF}.Debug|Win32.ActiveCfg = Debug|Win32
		{E4DD85D2-31BE-311B-E734-26667A850EBF}.Debug|Win32.Build.0 = Debug|Win32
		{E4DD85D2-31BE-311B-E734-26667A850EBF}.Optdebug|Win32.ActiveCfg = Optdebug|Win32
		{E4DD85D2-31BE-311B-E734-26667A850EBF}.Optdebug|Win32.Build.0 = Optdebug|Win32
		{E4DD85D2-31BE-311B-E734-26667A850EBF}.Release|Win32.ActiveCfg = Release|Win32
		{E4DD85D2-31BE-311B-E734-26667A850EBF}.Release|Win32.Build.0 = Release|Win32
		{F426E3D7-12AE-1447-96A5-843D9A71EBE8}.Debug|Win32.ActiveCfg = Debug|Win32
		{F426E3D7-12AE-1447-96A5-843D9A71EBE8}.Debug|Win32.Build.0 = Debug|Win32
		{F426E3D7-12AE-1447-96A5-843D9A71EBE8}.Optdebug|Win32.ActiveCfg = Optdebug|Win32
		{F426E3D7-12AE-1447-96A5-843D9A71EBE8}.Optdebug|Win32.Build.0 = Optdebug|Win32
		{F426E3D7-12AE-1447-96A5-843D9A71EBE8}.Release|Win32.ActiveCfg = Release|Win32
		{F426E3D7-12AE-1447-96A5-843D9A71EBE8}.Release|Win32.Build.0 = Release|Win32
	EndGlobalSection
	GlobalSection(SolutionProperties) = preSolution
		HideSolutionNode = FALSE
	EndGlobalSection
EndGlobal
