Microsoft Visual Studio Solution File, Format Version 12.00
# Visual Studio 2015
Project("{2150E333-8FDC-42A3-9474-1A3956D46DE8}") = "(deps)", "deps", "{01DF18E8-89C6-A25E-0006-40F7C4BCED1B}"
EndProject
Project("{2150E333-8FDC-42A3-9474-1A3956D46DE8}") = "(gyp)", "deps\v8\tools\gyp", "{06B8C0FF-5E9F-2427-6E1B-910C9F0416AB}"
EndProject
Project("{2150E333-8FDC-42A3-9474-1A3956D46DE8}") = "(openssl)", "deps\openssl", "{690DB498-73B5-99C3-6F35-0E34C4E3167D}"
EndProject
Project("{2150E333-8FDC-42A3-9474-1A3956D46DE8}") = "(tools)", "deps\v8\tools", "{A8A29B1C-7A98-9AA8-FD77-49B4F6D50C58}"
EndProject
Project("{2150E333-8FDC-42A3-9474-1A3956D46DE8}") = "(uv)", "deps\uv", "{D5BF94E0-63A0-F682-FBE7-55B17AA44195}"
EndProject
Project("{2150E333-8FDC-42A3-9474-1A3956D46DE8}") = "(v8)", "deps\v8", "{D5237C4D-A07B-5646-037A-CFA3331F8D6A}"
EndProject
Project("{8BC9CEB8-8B4A-11D0-8D11-00A0C91BC942}") = "cares", "deps\cares\cares.vcxproj", "{74CF319D-6651-E4ED-35FD-B82D47DC2516}"
EndProject
Project("{8BC9CEB8-8B4A-11D0-8D11-00A0C91BC942}") = "cctest", "cctest.vcxproj", "{222947FE-27F7-D331-6444-1116661187D9}"
	ProjectSection(ProjectDependencies) = postProject
		{02FDA48E-FCE2-F31A-04B9-3E62B04C95A4} = {02FDA48E-FCE2-F31A-04B9-3E62B04C95A4}
		{5F03D104-10BB-B3BA-7021-6A64E7AA221F} = {5F03D104-10BB-B3BA-7021-6A64E7AA221F}
		{25499E6A-71D4-97F0-496F-7D20B32C91F2} = {25499E6A-71D4-97F0-496F-7D20B32C91F2}
		{7B9C5259-8531-1257-8C00-DE87F272D894} = {7B9C5259-8531-1257-8C00-DE87F272D894}
		{13EE2A60-7199-6637-30C8-67EDA55E76BA} = {13EE2A60-7199-6637-30C8-67EDA55E76BA}
		{67260B4C-CA16-6FF2-6AB0-5172DA9D72AA} = {67260B4C-CA16-6FF2-6AB0-5172DA9D72AA}
		{6D23379A-4148-D717-A95F-28FE2AC0A256} = {6D23379A-4148-D717-A95F-28FE2AC0A256}
		{1FF23471-DAC0-6C75-D1C8-643583A77142} = {1FF23471-DAC0-6C75-D1C8-643583A77142}
		{2B5E785F-5B2D-6D72-BFDE-996A2272ADDF} = {2B5E785F-5B2D-6D72-BFDE-996A2272ADDF}
		{4D6734B5-7D37-17AD-7060-E94CFDAE292E} = {4D6734B5-7D37-17AD-7060-E94CFDAE292E}
		{B5211BC6-68D3-792F-117F-B0C5D46CCBEE} = {B5211BC6-68D3-792F-117F-B0C5D46CCBEE}
	EndProjectSection
EndProject
Project("{8BC9CEB8-8B4A-11D0-8D11-00A0C91BC942}") = "gtest", "deps\gtest\gtest.vcxproj", "{02FDA48E-FCE2-F31A-04B9-3E62B04C95A4}"
EndProject
Project("{8BC9CEB8-8B4A-11D0-8D11-00A0C91BC942}") = "http_parser", "deps\http_parser\http_parser.vcxproj", "{3D75A4D7-C52C-EA52-8959-BDF659A0ED66}"
EndProject
Project("{8BC9CEB8-8B4A-11D0-8D11-00A0C91BC942}") = "js2c", "deps\v8\tools\gyp\js2c.vcxproj", "{B5211BC6-68D3-792F-117F-B0C5D46CCBEE}"
EndProject
Project("{8BC9CEB8-8B4A-11D0-8D11-00A0C91BC942}") = "libuv", "deps\uv\libuv.vcxproj", "{603C6853-166F-A229-0CE7-B001CAF96C76}"
EndProject
Project("{8BC9CEB8-8B4A-11D0-8D11-00A0C91BC942}") = "node", "node.vcxproj", "{93F00CD2-1EF7-077B-5AB9-908EC137929F}"
	ProjectSection(ProjectDependencies) = postProject
		{4DCBA3DB-4989-EAB7-0252-907D0C8A5A33} = {4DCBA3DB-4989-EAB7-0252-907D0C8A5A33}
		{74CF319D-6651-E4ED-35FD-B82D47DC2516} = {74CF319D-6651-E4ED-35FD-B82D47DC2516}
		{5F03D104-10BB-B3BA-7021-6A64E7AA221F} = {5F03D104-10BB-B3BA-7021-6A64E7AA221F}
		{25499E6A-71D4-97F0-496F-7D20B32C91F2} = {25499E6A-71D4-97F0-496F-7D20B32C91F2}
		{5C6460DB-F7B1-5315-A0DE-79A9DFC525A1} = {5C6460DB-F7B1-5315-A0DE-79A9DFC525A1}
		{21D888B2-15AC-898B-EA33-9C73445681C1} = {21D888B2-15AC-898B-EA33-9C73445681C1}
		{F6F4AF82-6B99-6964-D7F3-CF38A17D3F8B} = {F6F4AF82-6B99-6964-D7F3-CF38A17D3F8B}
		{E0426E6D-33CD-5201-39EF-B614814AC019} = {E0426E6D-33CD-5201-39EF-B614814AC019}
		{7FF6F247-3828-69AF-7EDB-FB0A9FF393E1} = {7FF6F247-3828-69AF-7EDB-FB0A9FF393E1}
		{3D75A4D7-C52C-EA52-8959-BDF659A0ED66} = {3D75A4D7-C52C-EA52-8959-BDF659A0ED66}
		{603C6853-166F-A229-0CE7-B001CAF96C76} = {603C6853-166F-A229-0CE7-B001CAF96C76}
		{7B9C5259-8531-1257-8C00-DE87F272D894} = {7B9C5259-8531-1257-8C00-DE87F272D894}
		{13EE2A60-7199-6637-30C8-67EDA55E76BA} = {13EE2A60-7199-6637-30C8-67EDA55E76BA}
		{67260B4C-CA16-6FF2-6AB0-5172DA9D72AA} = {67260B4C-CA16-6FF2-6AB0-5172DA9D72AA}
		{6D23379A-4148-D717-A95F-28FE2AC0A256} = {6D23379A-4148-D717-A95F-28FE2AC0A256}
		{1FF23471-DAC0-6C75-D1C8-643583A77142} = {1FF23471-DAC0-6C75-D1C8-643583A77142}
		{2B5E785F-5B2D-6D72-BFDE-996A2272ADDF} = {2B5E785F-5B2D-6D72-BFDE-996A2272ADDF}
		{4D6734B5-7D37-17AD-7060-E94CFDAE292E} = {4D6734B5-7D37-17AD-7060-E94CFDAE292E}
		{B5211BC6-68D3-792F-117F-B0C5D46CCBEE} = {B5211BC6-68D3-792F-117F-B0C5D46CCBEE}
	EndProjectSection
EndProject
Project("{8BC9CEB8-8B4A-11D0-8D11-00A0C91BC942}") = "node_dtrace_header", "node_dtrace_header.vcxproj", "{6FDAA94C-5B5B-2958-7207-BEB5379D5BE0}"
EndProject
Project("{8BC9CEB8-8B4A-11D0-8D11-00A0C91BC942}") = "node_dtrace_provider", "node_dtrace_provider.vcxproj", "{ED888D94-0B7F-2FAC-2BA7-DD02A8FF2DD9}"
EndProject
Project("{8BC9CEB8-8B4A-11D0-8D11-00A0C91BC942}") = "node_dtrace_ustack", "node_dtrace_ustack.vcxproj", "{368520EE-2A85-1008-BD4D-749D05BD9A30}"
EndProject
Project("{8BC9CEB8-8B4A-11D0-8D11-00A0C91BC942}") = "node_etw", "node_etw.vcxproj", "{F6F4AF82-6B99-6964-D7F3-CF38A17D3F8B}"
EndProject
Project("{8BC9CEB8-8B4A-11D0-8D11-00A0C91BC942}") = "node_js2c", "node_js2c.vcxproj", "{4DCBA3DB-4989-EAB7-0252-907D0C8A5A33}"
EndProject
Project("{8BC9CEB8-8B4A-11D0-8D11-00A0C91BC942}") = "node_perfctr", "node_perfctr.vcxproj", "{E0426E6D-33CD-5201-39EF-B614814AC019}"
EndProject
Project("{8BC9CEB8-8B4A-11D0-8D11-00A0C91BC942}") = "openssl", "deps\openssl\openssl.vcxproj", "{5C6460DB-F7B1-5315-A0DE-79A9DFC525A1}"
EndProject
Project("{8BC9CEB8-8B4A-11D0-8D11-00A0C91BC942}") = "openssl-cli", "deps\openssl\openssl-cli.vcxproj", "{21D888B2-15AC-898B-EA33-9C73445681C1}"
	ProjectSection(ProjectDependencies) = postProject
		{5C6460DB-F7B1-5315-A0DE-79A9DFC525A1} = {5C6460DB-F7B1-5315-A0DE-79A9DFC525A1}
	EndProjectSection
EndProject
Project("{8BC9CEB8-8B4A-11D0-8D11-00A0C91BC942}") = "specialize_node_d", "specialize_node_d.vcxproj", "{89300482-DC17-8D70-A9BE-C61912F52EB3}"
EndProject
Project("{8BC9CEB8-8B4A-11D0-8D11-00A0C91BC942}") = "v8", "deps\v8\tools\gyp\v8.vcxproj", "{5F03D104-10BB-B3BA-7021-6A64E7AA221F}"
	ProjectSection(ProjectDependencies) = postProject
		{7B9C5259-8531-1257-8C00-DE87F272D894} = {7B9C5259-8531-1257-8C00-DE87F272D894}
	EndProjectSection
EndProject
Project("{8BC9CEB8-8B4A-11D0-8D11-00A0C91BC942}") = "v8_base_0", "deps\v8\tools\gyp\v8_base_0.vcxproj", "{13EE2A60-7199-6637-30C8-67EDA55E76BA}"
EndProject
Project("{8BC9CEB8-8B4A-11D0-8D11-00A0C91BC942}") = "v8_base_1", "deps\v8\tools\gyp\v8_base_1.vcxproj", "{67260B4C-CA16-6FF2-6AB0-5172DA9D72AA}"
EndProject
Project("{8BC9CEB8-8B4A-11D0-8D11-00A0C91BC942}") = "v8_base_2", "deps\v8\tools\gyp\v8_base_2.vcxproj", "{6D23379A-4148-D717-A95F-28FE2AC0A256}"
EndProject
Project("{8BC9CEB8-8B4A-11D0-8D11-00A0C91BC942}") = "v8_base_3", "deps\v8\tools\gyp\v8_base_3.vcxproj", "{1FF23471-DAC0-6C75-D1C8-643583A77142}"
EndProject
Project("{8BC9CEB8-8B4A-11D0-8D11-00A0C91BC942}") = "v8_libbase", "deps\v8\tools\gyp\v8_libbase.vcxproj", "{2B5E785F-5B2D-6D72-BFDE-996A2272ADDF}"
EndProject
Project("{8BC9CEB8-8B4A-11D0-8D11-00A0C91BC942}") = "v8_libplatform", "deps\v8\tools\gyp\v8_libplatform.vcxproj", "{25499E6A-71D4-97F0-496F-7D20B32C91F2}"
EndProject
Project("{8BC9CEB8-8B4A-11D0-8D11-00A0C91BC942}") = "v8_maybe_snapshot", "deps\v8\tools\gyp\v8_maybe_snapshot.vcxproj", "{7B9C5259-8531-1257-8C00-DE87F272D894}"
	ProjectSection(ProjectDependencies) = postProject
		{13EE2A60-7199-6637-30C8-67EDA55E76BA} = {13EE2A60-7199-6637-30C8-67EDA55E76BA}
		{67260B4C-CA16-6FF2-6AB0-5172DA9D72AA} = {67260B4C-CA16-6FF2-6AB0-5172DA9D72AA}
		{6D23379A-4148-D717-A95F-28FE2AC0A256} = {6D23379A-4148-D717-A95F-28FE2AC0A256}
		{1FF23471-DAC0-6C75-D1C8-643583A77142} = {1FF23471-DAC0-6C75-D1C8-643583A77142}
		{4D6734B5-7D37-17AD-7060-E94CFDAE292E} = {4D6734B5-7D37-17AD-7060-E94CFDAE292E}
	EndProjectSection
EndProject
Project("{8BC9CEB8-8B4A-11D0-8D11-00A0C91BC942}") = "v8_nosnapshot", "deps\v8\tools\gyp\v8_nosnapshot.vcxproj", "{4D6734B5-7D37-17AD-7060-E94CFDAE292E}"
	ProjectSection(ProjectDependencies) = postProject
		{B5211BC6-68D3-792F-117F-B0C5D46CCBEE} = {B5211BC6-68D3-792F-117F-B0C5D46CCBEE}
	EndProjectSection
EndProject
Project("{8BC9CEB8-8B4A-11D0-8D11-00A0C91BC942}") = "zlib", "deps\zlib\zlib.vcxproj", "{7FF6F247-3828-69AF-7EDB-FB0A9FF393E1}"
EndProject
Global
	GlobalSection(SolutionConfigurationPlatforms) = preSolution
		Debug|Win32 = Debug|Win32
		Release|Win32 = Release|Win32
	EndGlobalSection
	GlobalSection(ProjectConfigurationPlatforms) = postSolution
		{02FDA48E-FCE2-F31A-04B9-3E62B04C95A4}.Debug|Win32.ActiveCfg = Debug|Win32
		{02FDA48E-FCE2-F31A-04B9-3E62B04C95A4}.Debug|Win32.Build.0 = Debug|Win32
		{02FDA48E-FCE2-F31A-04B9-3E62B04C95A4}.Release|Win32.ActiveCfg = Release|Win32
		{02FDA48E-FCE2-F31A-04B9-3E62B04C95A4}.Release|Win32.Build.0 = Release|Win32
		{13EE2A60-7199-6637-30C8-67EDA55E76BA}.Debug|Win32.ActiveCfg = Debug|Win32
		{13EE2A60-7199-6637-30C8-67EDA55E76BA}.Debug|Win32.Build.0 = Debug|Win32
		{13EE2A60-7199-6637-30C8-67EDA55E76BA}.Release|Win32.ActiveCfg = Release|Win32
		{13EE2A60-7199-6637-30C8-67EDA55E76BA}.Release|Win32.Build.0 = Release|Win32
		{1FF23471-DAC0-6C75-D1C8-643583A77142}.Debug|Win32.ActiveCfg = Debug|Win32
		{1FF23471-DAC0-6C75-D1C8-643583A77142}.Debug|Win32.Build.0 = Debug|Win32
		{1FF23471-DAC0-6C75-D1C8-643583A77142}.Release|Win32.ActiveCfg = Release|Win32
		{1FF23471-DAC0-6C75-D1C8-643583A77142}.Release|Win32.Build.0 = Release|Win32
		{21D888B2-15AC-898B-EA33-9C73445681C1}.Debug|Win32.ActiveCfg = Debug|Win32
		{21D888B2-15AC-898B-EA33-9C73445681C1}.Debug|Win32.Build.0 = Debug|Win32
		{21D888B2-15AC-898B-EA33-9C73445681C1}.Release|Win32.ActiveCfg = Release|Win32
		{21D888B2-15AC-898B-EA33-9C73445681C1}.Release|Win32.Build.0 = Release|Win32
		{222947FE-27F7-D331-6444-1116661187D9}.Debug|Win32.ActiveCfg = Debug|Win32
		{222947FE-27F7-D331-6444-1116661187D9}.Debug|Win32.Build.0 = Debug|Win32
		{222947FE-27F7-D331-6444-1116661187D9}.Release|Win32.ActiveCfg = Release|Win32
		{222947FE-27F7-D331-6444-1116661187D9}.Release|Win32.Build.0 = Release|Win32
		{25499E6A-71D4-97F0-496F-7D20B32C91F2}.Debug|Win32.ActiveCfg = Debug|Win32
		{25499E6A-71D4-97F0-496F-7D20B32C91F2}.Debug|Win32.Build.0 = Debug|Win32
		{25499E6A-71D4-97F0-496F-7D20B32C91F2}.Release|Win32.ActiveCfg = Release|Win32
		{25499E6A-71D4-97F0-496F-7D20B32C91F2}.Release|Win32.Build.0 = Release|Win32
		{2B5E785F-5B2D-6D72-BFDE-996A2272ADDF}.Debug|Win32.ActiveCfg = Debug|Win32
		{2B5E785F-5B2D-6D72-BFDE-996A2272ADDF}.Debug|Win32.Build.0 = Debug|Win32
		{2B5E785F-5B2D-6D72-BFDE-996A2272ADDF}.Release|Win32.ActiveCfg = Release|Win32
		{2B5E785F-5B2D-6D72-BFDE-996A2272ADDF}.Release|Win32.Build.0 = Release|Win32
		{368520EE-2A85-1008-BD4D-749D05BD9A30}.Debug|Win32.ActiveCfg = Debug|Win32
		{368520EE-2A85-1008-BD4D-749D05BD9A30}.Debug|Win32.Build.0 = Debug|Win32
		{368520EE-2A85-1008-BD4D-749D05BD9A30}.Release|Win32.ActiveCfg = Release|Win32
		{368520EE-2A85-1008-BD4D-749D05BD9A30}.Release|Win32.Build.0 = Release|Win32
		{3D75A4D7-C52C-EA52-8959-BDF659A0ED66}.Debug|Win32.ActiveCfg = Debug|Win32
		{3D75A4D7-C52C-EA52-8959-BDF659A0ED66}.Debug|Win32.Build.0 = Debug|Win32
		{3D75A4D7-C52C-EA52-8959-BDF659A0ED66}.Release|Win32.ActiveCfg = Release|Win32
		{3D75A4D7-C52C-EA52-8959-BDF659A0ED66}.Release|Win32.Build.0 = Release|Win32
		{4D6734B5-7D37-17AD-7060-E94CFDAE292E}.Debug|Win32.ActiveCfg = Debug|Win32
		{4D6734B5-7D37-17AD-7060-E94CFDAE292E}.Debug|Win32.Build.0 = Debug|Win32
		{4D6734B5-7D37-17AD-7060-E94CFDAE292E}.Release|Win32.ActiveCfg = Release|Win32
		{4D6734B5-7D37-17AD-7060-E94CFDAE292E}.Release|Win32.Build.0 = Release|Win32
		{4DCBA3DB-4989-EAB7-0252-907D0C8A5A33}.Debug|Win32.ActiveCfg = Debug|Win32
		{4DCBA3DB-4989-EAB7-0252-907D0C8A5A33}.Debug|Win32.Build.0 = Debug|Win32
		{4DCBA3DB-4989-EAB7-0252-907D0C8A5A33}.Release|Win32.ActiveCfg = Release|Win32
		{4DCBA3DB-4989-EAB7-0252-907D0C8A5A33}.Release|Win32.Build.0 = Release|Win32
		{5C6460DB-F7B1-5315-A0DE-79A9DFC525A1}.Debug|Win32.ActiveCfg = Debug|Win32
		{5C6460DB-F7B1-5315-A0DE-79A9DFC525A1}.Debug|Win32.Build.0 = Debug|Win32
		{5C6460DB-F7B1-5315-A0DE-79A9DFC525A1}.Release|Win32.ActiveCfg = Release|Win32
		{5C6460DB-F7B1-5315-A0DE-79A9DFC525A1}.Release|Win32.Build.0 = Release|Win32
		{5F03D104-10BB-B3BA-7021-6A64E7AA221F}.Debug|Win32.ActiveCfg = Debug|Win32
		{5F03D104-10BB-B3BA-7021-6A64E7AA221F}.Debug|Win32.Build.0 = Debug|Win32
		{5F03D104-10BB-B3BA-7021-6A64E7AA221F}.Release|Win32.ActiveCfg = Release|Win32
		{5F03D104-10BB-B3BA-7021-6A64E7AA221F}.Release|Win32.Build.0 = Release|Win32
		{603C6853-166F-A229-0CE7-B001CAF96C76}.Debug|Win32.ActiveCfg = Debug|Win32
		{603C6853-166F-A229-0CE7-B001CAF96C76}.Debug|Win32.Build.0 = Debug|Win32
		{603C6853-166F-A229-0CE7-B001CAF96C76}.Release|Win32.ActiveCfg = Release|Win32
		{603C6853-166F-A229-0CE7-B001CAF96C76}.Release|Win32.Build.0 = Release|Win32
		{67260B4C-CA16-6FF2-6AB0-5172DA9D72AA}.Debug|Win32.ActiveCfg = Debug|Win32
		{67260B4C-CA16-6FF2-6AB0-5172DA9D72AA}.Debug|Win32.Build.0 = Debug|Win32
		{67260B4C-CA16-6FF2-6AB0-5172DA9D72AA}.Release|Win32.ActiveCfg = Release|Win32
		{67260B4C-CA16-6FF2-6AB0-5172DA9D72AA}.Release|Win32.Build.0 = Release|Win32
		{6D23379A-4148-D717-A95F-28FE2AC0A256}.Debug|Win32.ActiveCfg = Debug|Win32
		{6D23379A-4148-D717-A95F-28FE2AC0A256}.Debug|Win32.Build.0 = Debug|Win32
		{6D23379A-4148-D717-A95F-28FE2AC0A256}.Release|Win32.ActiveCfg = Release|Win32
		{6D23379A-4148-D717-A95F-28FE2AC0A256}.Release|Win32.Build.0 = Release|Win32
		{6FDAA94C-5B5B-2958-7207-BEB5379D5BE0}.Debug|Win32.ActiveCfg = Debug|Win32
		{6FDAA94C-5B5B-2958-7207-BEB5379D5BE0}.Debug|Win32.Build.0 = Debug|Win32
		{6FDAA94C-5B5B-2958-7207-BEB5379D5BE0}.Release|Win32.ActiveCfg = Release|Win32
		{6FDAA94C-5B5B-2958-7207-BEB5379D5BE0}.Release|Win32.Build.0 = Release|Win32
		{74CF319D-6651-E4ED-35FD-B82D47DC2516}.Debug|Win32.ActiveCfg = Debug|Win32
		{74CF319D-6651-E4ED-35FD-B82D47DC2516}.Debug|Win32.Build.0 = Debug|Win32
		{74CF319D-6651-E4ED-35FD-B82D47DC2516}.Release|Win32.ActiveCfg = Release|Win32
		{74CF319D-6651-E4ED-35FD-B82D47DC2516}.Release|Win32.Build.0 = Release|Win32
		{7B9C5259-8531-1257-8C00-DE87F272D894}.Debug|Win32.ActiveCfg = Debug|Win32
		{7B9C5259-8531-1257-8C00-DE87F272D894}.Debug|Win32.Build.0 = Debug|Win32
		{7B9C5259-8531-1257-8C00-DE87F272D894}.Release|Win32.ActiveCfg = Release|Win32
		{7B9C5259-8531-1257-8C00-DE87F272D894}.Release|Win32.Build.0 = Release|Win32
		{7FF6F247-3828-69AF-7EDB-FB0A9FF393E1}.Debug|Win32.ActiveCfg = Debug|Win32
		{7FF6F247-3828-69AF-7EDB-FB0A9FF393E1}.Debug|Win32.Build.0 = Debug|Win32
		{7FF6F247-3828-69AF-7EDB-FB0A9FF393E1}.Release|Win32.ActiveCfg = Release|Win32
		{7FF6F247-3828-69AF-7EDB-FB0A9FF393E1}.Release|Win32.Build.0 = Release|Win32
		{89300482-DC17-8D70-A9BE-C61912F52EB3}.Debug|Win32.ActiveCfg = Debug|Win32
		{89300482-DC17-8D70-A9BE-C61912F52EB3}.Debug|Win32.Build.0 = Debug|Win32
		{89300482-DC17-8D70-A9BE-C61912F52EB3}.Release|Win32.ActiveCfg = Release|Win32
		{89300482-DC17-8D70-A9BE-C61912F52EB3}.Release|Win32.Build.0 = Release|Win32
		{93F00CD2-1EF7-077B-5AB9-908EC137929F}.Debug|Win32.ActiveCfg = Debug|Win32
		{93F00CD2-1EF7-077B-5AB9-908EC137929F}.Debug|Win32.Build.0 = Debug|Win32
		{93F00CD2-1EF7-077B-5AB9-908EC137929F}.Release|Win32.ActiveCfg = Release|Win32
		{93F00CD2-1EF7-077B-5AB9-908EC137929F}.Release|Win32.Build.0 = Release|Win32
		{B5211BC6-68D3-792F-117F-B0C5D46CCBEE}.Debug|Win32.ActiveCfg = Debug|Win32
		{B5211BC6-68D3-792F-117F-B0C5D46CCBEE}.Debug|Win32.Build.0 = Debug|Win32
		{B5211BC6-68D3-792F-117F-B0C5D46CCBEE}.Release|Win32.ActiveCfg = Release|Win32
		{B5211BC6-68D3-792F-117F-B0C5D46CCBEE}.Release|Win32.Build.0 = Release|Win32
		{E0426E6D-33CD-5201-39EF-B614814AC019}.Debug|Win32.ActiveCfg = Debug|Win32
		{E0426E6D-33CD-5201-39EF-B614814AC019}.Debug|Win32.Build.0 = Debug|Win32
		{E0426E6D-33CD-5201-39EF-B614814AC019}.Release|Win32.ActiveCfg = Release|Win32
		{E0426E6D-33CD-5201-39EF-B614814AC019}.Release|Win32.Build.0 = Release|Win32
		{ED888D94-0B7F-2FAC-2BA7-DD02A8FF2DD9}.Debug|Win32.ActiveCfg = Debug|Win32
		{ED888D94-0B7F-2FAC-2BA7-DD02A8FF2DD9}.Debug|Win32.Build.0 = Debug|Win32
		{ED888D94-0B7F-2FAC-2BA7-DD02A8FF2DD9}.Release|Win32.ActiveCfg = Release|Win32
		{ED888D94-0B7F-2FAC-2BA7-DD02A8FF2DD9}.Release|Win32.Build.0 = Release|Win32
		{F6F4AF82-6B99-6964-D7F3-CF38A17D3F8B}.Debug|Win32.ActiveCfg = Debug|Win32
		{F6F4AF82-6B99-6964-D7F3-CF38A17D3F8B}.Debug|Win32.Build.0 = Debug|Win32
		{F6F4AF82-6B99-6964-D7F3-CF38A17D3F8B}.Release|Win32.ActiveCfg = Release|Win32
		{F6F4AF82-6B99-6964-D7F3-CF38A17D3F8B}.Release|Win32.Build.0 = Release|Win32
	EndGlobalSection
	GlobalSection(SolutionProperties) = preSolution
		HideSolutionNode = FALSE
	EndGlobalSection
	GlobalSection(NestedProjects) = preSolution
		{690DB498-73B5-99C3-6F35-0E34C4E3167D} = {01DF18E8-89C6-A25E-0006-40F7C4BCED1B}
		{D5BF94E0-63A0-F682-FBE7-55B17AA44195} = {01DF18E8-89C6-A25E-0006-40F7C4BCED1B}
		{D5237C4D-A07B-5646-037A-CFA3331F8D6A} = {01DF18E8-89C6-A25E-0006-40F7C4BCED1B}
		{74CF319D-6651-E4ED-35FD-B82D47DC2516} = {01DF18E8-89C6-A25E-0006-40F7C4BCED1B}
		{02FDA48E-FCE2-F31A-04B9-3E62B04C95A4} = {01DF18E8-89C6-A25E-0006-40F7C4BCED1B}
		{3D75A4D7-C52C-EA52-8959-BDF659A0ED66} = {01DF18E8-89C6-A25E-0006-40F7C4BCED1B}
		{7FF6F247-3828-69AF-7EDB-FB0A9FF393E1} = {01DF18E8-89C6-A25E-0006-40F7C4BCED1B}
		{B5211BC6-68D3-792F-117F-B0C5D46CCBEE} = {06B8C0FF-5E9F-2427-6E1B-910C9F0416AB}
		{5F03D104-10BB-B3BA-7021-6A64E7AA221F} = {06B8C0FF-5E9F-2427-6E1B-910C9F0416AB}
		{13EE2A60-7199-6637-30C8-67EDA55E76BA} = {06B8C0FF-5E9F-2427-6E1B-910C9F0416AB}
		{67260B4C-CA16-6FF2-6AB0-5172DA9D72AA} = {06B8C0FF-5E9F-2427-6E1B-910C9F0416AB}
		{6D23379A-4148-D717-A95F-28FE2AC0A256} = {06B8C0FF-5E9F-2427-6E1B-910C9F0416AB}
		{1FF23471-DAC0-6C75-D1C8-643583A77142} = {06B8C0FF-5E9F-2427-6E1B-910C9F0416AB}
		{2B5E785F-5B2D-6D72-BFDE-996A2272ADDF} = {06B8C0FF-5E9F-2427-6E1B-910C9F0416AB}
		{25499E6A-71D4-97F0-496F-7D20B32C91F2} = {06B8C0FF-5E9F-2427-6E1B-910C9F0416AB}
		{7B9C5259-8531-1257-8C00-DE87F272D894} = {06B8C0FF-5E9F-2427-6E1B-910C9F0416AB}
		{4D6734B5-7D37-17AD-7060-E94CFDAE292E} = {06B8C0FF-5E9F-2427-6E1B-910C9F0416AB}
		{5C6460DB-F7B1-5315-A0DE-79A9DFC525A1} = {690DB498-73B5-99C3-6F35-0E34C4E3167D}
		{21D888B2-15AC-898B-EA33-9C73445681C1} = {690DB498-73B5-99C3-6F35-0E34C4E3167D}
		{06B8C0FF-5E9F-2427-6E1B-910C9F0416AB} = {A8A29B1C-7A98-9AA8-FD77-49B4F6D50C58}
		{603C6853-166F-A229-0CE7-B001CAF96C76} = {D5BF94E0-63A0-F682-FBE7-55B17AA44195}
		{A8A29B1C-7A98-9AA8-FD77-49B4F6D50C58} = {D5237C4D-A07B-5646-037A-CFA3331F8D6A}
	EndGlobalSection
EndGlobal
