Microsoft Visual Studio Solution File, Format Version 13.00
# Visual Studio 2013
Project("{2150E333-8FDC-42A3-9474-1A3956D46DE8}") = "(gyp)", "..\..\tools\gyp", "{0A173FA6-4921-C1C4-C97B-E89CE5CB7004}"
EndProject
Project("{2150E333-8FDC-42A3-9474-1A3956D46DE8}") = "(icu)", "..\..\third_party\icu", "{2DE59335-96CE-10CA-CDE5-FEC35E3549BB}"
EndProject
Project("{2150E333-8FDC-42A3-9474-1A3956D46DE8}") = "(test)", "..", "{62D1E309-C69B-EEB9-F250-955F10E34BEB}"
EndProject
Project("{2150E333-8FDC-42A3-9474-1A3956D46DE8}") = "(testing)", "..\..\testing", "{EAC80D00-01D2-3F49-A377-20B7154947F3}"
EndProject
Project("{2150E333-8FDC-42A3-9474-1A3956D46DE8}") = "(third_party)", "..\..\third_party", "{89C816A7-DD31-D54C-C69C-5A80E0C49B77}"
EndProject
Project("{2150E333-8FDC-42A3-9474-1A3956D46DE8}") = "(tools)", "..\..\tools", "{0078455D-77D3-142E-F1F4-B78FB0A8B454}"
EndProject
Project("{8BC9CEB8-8B4A-11D0-8D11-00A0C91BC942}") = "gmock", "..\..\testing\gmock.vcxproj", "{E4DD85D2-31BE-311B-E734-26667A850EBF}"
EndProject
Project("{8BC9CEB8-8B4A-11D0-8D11-00A0C91BC942}") = "gtest", "..\..\testing\gtest.vcxproj", "{4DFBFF64-99E3-A571-0E1B-940029FD402D}"
	ProjectSection(ProjectDependencies) = postProject
		{BDACF58F-DBEF-BEA4-D1E5-45CE460774EA} = {BDACF58F-DBEF-BEA4-D1E5-45CE460774EA}
	EndProjectSection
EndProject
Project("{8BC9CEB8-8B4A-11D0-8D11-00A0C91BC942}") = "gtest_prod", "..\..\testing\gtest_prod.vcxproj", "{BDACF58F-DBEF-BEA4-D1E5-45CE460774EA}"
EndProject
Project("{8BC9CEB8-8B4A-11D0-8D11-00A0C91BC942}") = "icudata", "..\..\third_party\icu\icudata.vcxproj", "{9946E48B-E3FD-9645-933D-0D15FFD9AD59}"
EndProject
Project("{8BC9CEB8-8B4A-11D0-8D11-00A0C91BC942}") = "icui18n", "..\..\third_party\icu\icui18n.vcxproj", "{77A13309-2738-4BD7-51DF-3B4F4E1E778E}"
EndProject
Project("{8BC9CEB8-8B4A-11D0-8D11-00A0C91BC942}") = "icuuc", "..\..\third_party\icu\icuuc.vcxproj", "{C946A3CE-F792-D980-68CF-126BABCFAD84}"
	ProjectSection(ProjectDependencies) = postProject
		{9946E48B-E3FD-9645-933D-0D15FFD9AD59} = {9946E48B-E3FD-9645-933D-0D15FFD9AD59}
	EndProjectSection
EndProject
Project("{8BC9CEB8-8B4A-11D0-8D11-00A0C91BC942}") = "js2c", "..\..\tools\gyp\js2c.vcxproj", "{8498A932-60F4-50E4-983E-484F1B792CA2}"
EndProject
Project("{8BC9CEB8-8B4A-11D0-8D11-00A0C91BC942}") = "mksnapshot", "..\..\tools\gyp\mksnapshot.vcxproj", "{D612C58C-6960-922C-4F44-8F6043D51B34}"
	ProjectSection(ProjectDependencies) = postProject
		{E4897668-6B47-7268-DE85-91F712E6D856} = {E4897668-6B47-7268-DE85-91F712E6D856}
		{2416231F-7FBE-8679-0465-B8470FBD05B0} = {2416231F-7FBE-8679-0465-B8470FBD05B0}
		{353F6D69-96B3-59F6-6BA7-711ED4ACEACE} = {353F6D69-96B3-59F6-6BA7-711ED4ACEACE}
		{77A13309-2738-4BD7-51DF-3B4F4E1E778E} = {77A13309-2738-4BD7-51DF-3B4F4E1E778E}
		{C946A3CE-F792-D980-68CF-126BABCFAD84} = {C946A3CE-F792-D980-68CF-126BABCFAD84}
		{E4A1CAA7-4549-5651-55A1-8D35F000E580} = {E4A1CAA7-4549-5651-55A1-8D35F000E580}
		{9946E48B-E3FD-9645-933D-0D15FFD9AD59} = {9946E48B-E3FD-9645-933D-0D15FFD9AD59}
		{8498A932-60F4-50E4-983E-484F1B792CA2} = {8498A932-60F4-50E4-983E-484F1B792CA2}
	EndProjectSection
EndProject
Project("{8BC9CEB8-8B4A-11D0-8D11-00A0C91BC942}") = "unittests", "unittests.vcxproj", "{873F566E-6C25-0A2F-38AE-28842DE56C63}"
	ProjectSection(ProjectDependencies) = postProject
		{E4DD85D2-31BE-311B-E734-26667A850EBF} = {E4DD85D2-31BE-311B-E734-26667A850EBF}
		{4DFBFF64-99E3-A571-0E1B-940029FD402D} = {4DFBFF64-99E3-A571-0E1B-940029FD402D}
		{353F6D69-96B3-59F6-6BA7-711ED4ACEACE} = {353F6D69-96B3-59F6-6BA7-711ED4ACEACE}
		{FB6C9EBE-B636-8F2A-8067-CDEF63F0255E} = {FB6C9EBE-B636-8F2A-8067-CDEF63F0255E}
		{BDACF58F-DBEF-BEA4-D1E5-45CE460774EA} = {BDACF58F-DBEF-BEA4-D1E5-45CE460774EA}
		{E4A1CAA7-4549-5651-55A1-8D35F000E580} = {E4A1CAA7-4549-5651-55A1-8D35F000E580}
		{E4897668-6B47-7268-DE85-91F712E6D856} = {E4897668-6B47-7268-DE85-91F712E6D856}
		{77A13309-2738-4BD7-51DF-3B4F4E1E778E} = {77A13309-2738-4BD7-51DF-3B4F4E1E778E}
		{C946A3CE-F792-D980-68CF-126BABCFAD84} = {C946A3CE-F792-D980-68CF-126BABCFAD84}
		{9946E48B-E3FD-9645-933D-0D15FFD9AD59} = {9946E48B-E3FD-9645-933D-0D15FFD9AD59}
		{BA5502F1-CB94-6D79-23CE-15BE9C9F2DAE} = {BA5502F1-CB94-6D79-23CE-15BE9C9F2DAE}
		{8498A932-60F4-50E4-983E-484F1B792CA2} = {8498A932-60F4-50E4-983E-484F1B792CA2}
	EndProjectSection
EndProject
Project("{8BC9CEB8-8B4A-11D0-8D11-00A0C91BC942}") = "v8", "..\..\tools\gyp\v8.vcxproj", "{FB6C9EBE-B636-8F2A-8067-CDEF63F0255E}"
	ProjectSection(ProjectDependencies) = postProject
		{E4897668-6B47-7268-DE85-91F712E6D856} = {E4897668-6B47-7268-DE85-91F712E6D856}
		{BA5502F1-CB94-6D79-23CE-15BE9C9F2DAE} = {BA5502F1-CB94-6D79-23CE-15BE9C9F2DAE}
	EndProjectSection
EndProject
Project("{8BC9CEB8-8B4A-11D0-8D11-00A0C91BC942}") = "v8_base", "..\..\tools\gyp\v8_base.vcxproj", "{E4897668-6B47-7268-DE85-91F712E6D856}"
	ProjectSection(ProjectDependencies) = postProject
		{9946E48B-E3FD-9645-933D-0D15FFD9AD59} = {9946E48B-E3FD-9645-933D-0D15FFD9AD59}
	EndProjectSection
EndProject
Project("{8BC9CEB8-8B4A-11D0-8D11-00A0C91BC942}") = "v8_libbase", "..\..\tools\gyp\v8_libbase.vcxproj", "{E4A1CAA7-4549-5651-55A1-8D35F000E580}"
EndProject
Project("{8BC9CEB8-8B4A-11D0-8D11-00A0C91BC942}") = "v8_libplatform", "..\..\tools\gyp\v8_libplatform.vcxproj", "{353F6D69-96B3-59F6-6BA7-711ED4ACEACE}"
EndProject
Project("{8BC9CEB8-8B4A-11D0-8D11-00A0C91BC942}") = "v8_nosnapshot", "..\..\tools\gyp\v8_nosnapshot.vcxproj", "{2416231F-7FBE-8679-0465-B8470FBD05B0}"
	ProjectSection(ProjectDependencies) = postProject
		{8498A932-60F4-50E4-983E-484F1B792CA2} = {8498A932-60F4-50E4-983E-484F1B792CA2}
	EndProjectSection
EndProject
Project("{8BC9CEB8-8B4A-11D0-8D11-00A0C91BC942}") = "v8_snapshot", "..\..\tools\gyp\v8_snapshot.vcxproj", "{BA5502F1-CB94-6D79-23CE-15BE9C9F2DAE}"
	ProjectSection(ProjectDependencies) = postProject
		{D612C58C-6960-922C-4F44-8F6043D51B34} = {D612C58C-6960-922C-4F44-8F6043D51B34}
		{8498A932-60F4-50E4-983E-484F1B792CA2} = {8498A932-60F4-50E4-983E-484F1B792CA2}
	EndProjectSection
EndProject
Global
	GlobalSection(SolutionConfigurationPlatforms) = preSolution
		Debug|Win32 = Debug|Win32
		Optdebug|Win32 = Optdebug|Win32
		Release|Win32 = Release|Win32
	EndGlobalSection
	GlobalSection(ProjectConfigurationPlatforms) = postSolution
		{2416231F-7FBE-8679-0465-B8470FBD05B0}.Debug|Win32.ActiveCfg = Debug|Win32
		{2416231F-7FBE-8679-0465-B8470FBD05B0}.Debug|Win32.Build.0 = Debug|Win32
		{2416231F-7FBE-8679-0465-B8470FBD05B0}.Optdebug|Win32.ActiveCfg = Optdebug|Win32
		{2416231F-7FBE-8679-0465-B8470FBD05B0}.Optdebug|Win32.Build.0 = Optdebug|Win32
		{2416231F-7FBE-8679-0465-B8470FBD05B0}.Release|Win32.ActiveCfg = Release|Win32
		{2416231F-7FBE-8679-0465-B8470FBD05B0}.Release|Win32.Build.0 = Release|Win32
		{353F6D69-96B3-59F6-6BA7-711ED4ACEACE}.Debug|Win32.ActiveCfg = Debug|Win32
		{353F6D69-96B3-59F6-6BA7-711ED4ACEACE}.Debug|Win32.Build.0 = Debug|Win32
		{353F6D69-96B3-59F6-6BA7-711ED4ACEACE}.Optdebug|Win32.ActiveCfg = Optdebug|Win32
		{353F6D69-96B3-59F6-6BA7-711ED4ACEACE}.Optdebug|Win32.Build.0 = Optdebug|Win32
		{353F6D69-96B3-59F6-6BA7-711ED4ACEACE}.Release|Win32.ActiveCfg = Release|Win32
		{353F6D69-96B3-59F6-6BA7-711ED4ACEACE}.Release|Win32.Build.0 = Release|Win32
		{4DFBFF64-99E3-A571-0E1B-940029FD402D}.Debug|Win32.ActiveCfg = Debug|Win32
		{4DFBFF64-99E3-A571-0E1B-940029FD402D}.Debug|Win32.Build.0 = Debug|Win32
		{4DFBFF64-99E3-A571-0E1B-940029FD402D}.Optdebug|Win32.ActiveCfg = Optdebug|Win32
		{4DFBFF64-99E3-A571-0E1B-940029FD402D}.Optdebug|Win32.Build.0 = Optdebug|Win32
		{4DFBFF64-99E3-A571-0E1B-940029FD402D}.Release|Win32.ActiveCfg = Release|Win32
		{4DFBFF64-99E3-A571-0E1B-940029FD402D}.Release|Win32.Build.0 = Release|Win32
		{77A13309-2738-4BD7-51DF-3B4F4E1E778E}.Debug|Win32.ActiveCfg = Debug|Win32
		{77A13309-2738-4BD7-51DF-3B4F4E1E778E}.Debug|Win32.Build.0 = Debug|Win32
		{77A13309-2738-4BD7-51DF-3B4F4E1E778E}.Optdebug|Win32.ActiveCfg = Optdebug|Win32
		{77A13309-2738-4BD7-51DF-3B4F4E1E778E}.Optdebug|Win32.Build.0 = Optdebug|Win32
		{77A13309-2738-4BD7-51DF-3B4F4E1E778E}.Release|Win32.ActiveCfg = Release|Win32
		{77A13309-2738-4BD7-51DF-3B4F4E1E778E}.Release|Win32.Build.0 = Release|Win32
		{8498A932-60F4-50E4-983E-484F1B792CA2}.Debug|Win32.ActiveCfg = Debug|Win32
		{8498A932-60F4-50E4-983E-484F1B792CA2}.Debug|Win32.Build.0 = Debug|Win32
		{8498A932-60F4-50E4-983E-484F1B792CA2}.Optdebug|Win32.ActiveCfg = Optdebug|Win32
		{8498A932-60F4-50E4-983E-484F1B792CA2}.Optdebug|Win32.Build.0 = Optdebug|Win32
		{8498A932-60F4-50E4-983E-484F1B792CA2}.Release|Win32.ActiveCfg = Release|Win32
		{8498A932-60F4-50E4-983E-484F1B792CA2}.Release|Win32.Build.0 = Release|Win32
		{873F566E-6C25-0A2F-38AE-28842DE56C63}.Debug|Win32.ActiveCfg = Debug|Win32
		{873F566E-6C25-0A2F-38AE-28842DE56C63}.Debug|Win32.Build.0 = Debug|Win32
		{873F566E-6C25-0A2F-38AE-28842DE56C63}.Optdebug|Win32.ActiveCfg = Optdebug|Win32
		{873F566E-6C25-0A2F-38AE-28842DE56C63}.Optdebug|Win32.Build.0 = Optdebug|Win32
		{873F566E-6C25-0A2F-38AE-28842DE56C63}.Release|Win32.ActiveCfg = Release|Win32
		{873F566E-6C25-0A2F-38AE-28842DE56C63}.Release|Win32.Build.0 = Release|Win32
		{9946E48B-E3FD-9645-933D-0D15FFD9AD59}.Debug|Win32.ActiveCfg = Debug|Win32
		{9946E48B-E3FD-9645-933D-0D15FFD9AD59}.Debug|Win32.Build.0 = Debug|Win32
		{9946E48B-E3FD-9645-933D-0D15FFD9AD59}.Optdebug|Win32.ActiveCfg = Optdebug|Win32
		{9946E48B-E3FD-9645-933D-0D15FFD9AD59}.Optdebug|Win32.Build.0 = Optdebug|Win32
		{9946E48B-E3FD-9645-933D-0D15FFD9AD59}.Release|Win32.ActiveCfg = Release|Win32
		{9946E48B-E3FD-9645-933D-0D15FFD9AD59}.Release|Win32.Build.0 = Release|Win32
		{BA5502F1-CB94-6D79-23CE-15BE9C9F2DAE}.Debug|Win32.ActiveCfg = Debug|Win32
		{BA5502F1-CB94-6D79-23CE-15BE9C9F2DAE}.Debug|Win32.Build.0 = Debug|Win32
		{BA5502F1-CB94-6D79-23CE-15BE9C9F2DAE}.Optdebug|Win32.ActiveCfg = Optdebug|Win32
		{BA5502F1-CB94-6D79-23CE-15BE9C9F2DAE}.Optdebug|Win32.Build.0 = Optdebug|Win32
		{BA5502F1-CB94-6D79-23CE-15BE9C9F2DAE}.Release|Win32.ActiveCfg = Release|Win32
		{BA5502F1-CB94-6D79-23CE-15BE9C9F2DAE}.Release|Win32.Build.0 = Release|Win32
		{BDACF58F-DBEF-BEA4-D1E5-45CE460774EA}.Debug|Win32.ActiveCfg = Debug|Win32
		{BDACF58F-DBEF-BEA4-D1E5-45CE460774EA}.Debug|Win32.Build.0 = Debug|Win32
		{BDACF58F-DBEF-BEA4-D1E5-45CE460774EA}.Optdebug|Win32.ActiveCfg = Optdebug|Win32
		{BDACF58F-DBEF-BEA4-D1E5-45CE460774EA}.Optdebug|Win32.Build.0 = Optdebug|Win32
		{BDACF58F-DBEF-BEA4-D1E5-45CE460774EA}.Release|Win32.ActiveCfg = Release|Win32
		{BDACF58F-DBEF-BEA4-D1E5-45CE460774EA}.Release|Win32.Build.0 = Release|Win32
		{C946A3CE-F792-D980-68CF-126BABCFAD84}.Debug|Win32.ActiveCfg = Debug|Win32
		{C946A3CE-F792-D980-68CF-126BABCFAD84}.Debug|Win32.Build.0 = Debug|Win32
		{C946A3CE-F792-D980-68CF-126BABCFAD84}.Optdebug|Win32.ActiveCfg = Optdebug|Win32
		{C946A3CE-F792-D980-68CF-126BABCFAD84}.Optdebug|Win32.Build.0 = Optdebug|Win32
		{C946A3CE-F792-D980-68CF-126BABCFAD84}.Release|Win32.ActiveCfg = Release|Win32
		{C946A3CE-F792-D980-68CF-126BABCFAD84}.Release|Win32.Build.0 = Release|Win32
		{D612C58C-6960-922C-4F44-8F6043D51B34}.Debug|Win32.ActiveCfg = Debug|Win32
		{D612C58C-6960-922C-4F44-8F6043D51B34}.Debug|Win32.Build.0 = Debug|Win32
		{D612C58C-6960-922C-4F44-8F6043D51B34}.Optdebug|Win32.ActiveCfg = Optdebug|Win32
		{D612C58C-6960-922C-4F44-8F6043D51B34}.Optdebug|Win32.Build.0 = Optdebug|Win32
		{D612C58C-6960-922C-4F44-8F6043D51B34}.Release|Win32.ActiveCfg = Release|Win32
		{D612C58C-6960-922C-4F44-8F6043D51B34}.Release|Win32.Build.0 = Release|Win32
		{E4897668-6B47-7268-DE85-91F712E6D856}.Debug|Win32.ActiveCfg = Debug|Win32
		{E4897668-6B47-7268-DE85-91F712E6D856}.Debug|Win32.Build.0 = Debug|Win32
		{E4897668-6B47-7268-DE85-91F712E6D856}.Optdebug|Win32.ActiveCfg = Optdebug|Win32
		{E4897668-6B47-7268-DE85-91F712E6D856}.Optdebug|Win32.Build.0 = Optdebug|Win32
		{E4897668-6B47-7268-DE85-91F712E6D856}.Release|Win32.ActiveCfg = Release|Win32
		{E4897668-6B47-7268-DE85-91F712E6D856}.Release|Win32.Build.0 = Release|Win32
		{E4A1CAA7-4549-5651-55A1-8D35F000E580}.Debug|Win32.ActiveCfg = Debug|Win32
		{E4A1CAA7-4549-5651-55A1-8D35F000E580}.Debug|Win32.Build.0 = Debug|Win32
		{E4A1CAA7-4549-5651-55A1-8D35F000E580}.Optdebug|Win32.ActiveCfg = Optdebug|Win32
		{E4A1CAA7-4549-5651-55A1-8D35F000E580}.Optdebug|Win32.Build.0 = Optdebug|Win32
		{E4A1CAA7-4549-5651-55A1-8D35F000E580}.Release|Win32.ActiveCfg = Release|Win32
		{E4A1CAA7-4549-5651-55A1-8D35F000E580}.Release|Win32.Build.0 = Release|Win32
		{E4DD85D2-31BE-311B-E734-26667A850EBF}.Debug|Win32.ActiveCfg = Debug|Win32
		{E4DD85D2-31BE-311B-E734-26667A850EBF}.Debug|Win32.Build.0 = Debug|Win32
		{E4DD85D2-31BE-311B-E734-26667A850EBF}.Optdebug|Win32.ActiveCfg = Optdebug|Win32
		{E4DD85D2-31BE-311B-E734-26667A850EBF}.Optdebug|Win32.Build.0 = Optdebug|Win32
		{E4DD85D2-31BE-311B-E734-26667A850EBF}.Release|Win32.ActiveCfg = Release|Win32
		{E4DD85D2-31BE-311B-E734-26667A850EBF}.Release|Win32.Build.0 = Release|Win32
		{FB6C9EBE-B636-8F2A-8067-CDEF63F0255E}.Debug|Win32.ActiveCfg = Debug|Win32
		{FB6C9EBE-B636-8F2A-8067-CDEF63F0255E}.Debug|Win32.Build.0 = Debug|Win32
		{FB6C9EBE-B636-8F2A-8067-CDEF63F0255E}.Optdebug|Win32.ActiveCfg = Optdebug|Win32
		{FB6C9EBE-B636-8F2A-8067-CDEF63F0255E}.Optdebug|Win32.Build.0 = Optdebug|Win32
		{FB6C9EBE-B636-8F2A-8067-CDEF63F0255E}.Release|Win32.ActiveCfg = Release|Win32
		{FB6C9EBE-B636-8F2A-8067-CDEF63F0255E}.Release|Win32.Build.0 = Release|Win32
	EndGlobalSection
	GlobalSection(SolutionProperties) = preSolution
		HideSolutionNode = FALSE
	EndGlobalSection
	GlobalSection(NestedProjects) = preSolution
		{8498A932-60F4-50E4-983E-484F1B792CA2} = {0A173FA6-4921-C1C4-C97B-E89CE5CB7004}
		{D612C58C-6960-922C-4F44-8F6043D51B34} = {0A173FA6-4921-C1C4-C97B-E89CE5CB7004}
		{FB6C9EBE-B636-8F2A-8067-CDEF63F0255E} = {0A173FA6-4921-C1C4-C97B-E89CE5CB7004}
		{E4897668-6B47-7268-DE85-91F712E6D856} = {0A173FA6-4921-C1C4-C97B-E89CE5CB7004}
		{E4A1CAA7-4549-5651-55A1-8D35F000E580} = {0A173FA6-4921-C1C4-C97B-E89CE5CB7004}
		{353F6D69-96B3-59F6-6BA7-711ED4ACEACE} = {0A173FA6-4921-C1C4-C97B-E89CE5CB7004}
		{2416231F-7FBE-8679-0465-B8470FBD05B0} = {0A173FA6-4921-C1C4-C97B-E89CE5CB7004}
		{BA5502F1-CB94-6D79-23CE-15BE9C9F2DAE} = {0A173FA6-4921-C1C4-C97B-E89CE5CB7004}
		{9946E48B-E3FD-9645-933D-0D15FFD9AD59} = {2DE59335-96CE-10CA-CDE5-FEC35E3549BB}
		{77A13309-2738-4BD7-51DF-3B4F4E1E778E} = {2DE59335-96CE-10CA-CDE5-FEC35E3549BB}
		{C946A3CE-F792-D980-68CF-126BABCFAD84} = {2DE59335-96CE-10CA-CDE5-FEC35E3549BB}
		{873F566E-6C25-0A2F-38AE-28842DE56C63} = {62D1E309-C69B-EEB9-F250-955F10E34BEB}
		{E4DD85D2-31BE-311B-E734-26667A850EBF} = {EAC80D00-01D2-3F49-A377-20B7154947F3}
		{4DFBFF64-99E3-A571-0E1B-940029FD402D} = {EAC80D00-01D2-3F49-A377-20B7154947F3}
		{BDACF58F-DBEF-BEA4-D1E5-45CE460774EA} = {EAC80D00-01D2-3F49-A377-20B7154947F3}
		{2DE59335-96CE-10CA-CDE5-FEC35E3549BB} = {89C816A7-DD31-D54C-C69C-5A80E0C49B77}
		{0A173FA6-4921-C1C4-C97B-E89CE5CB7004} = {0078455D-77D3-142E-F1F4-B78FB0A8B454}
	EndGlobalSection
EndGlobal
